
Microsoft Visual Studio Solution File, Format Version 12.00
# Visual Studio 15
VisualStudioVersion = 15.0.28307.1062
MinimumVisualStudioVersion = 10.0.40219.1
Project("{FAE04EC0-301F-11D3-BF4B-00C04F79EFBC}") = "ConsoleApp1", "ConsoleApp1\ConsoleApp1.csproj", "{DEBC007E-410A-4555-AC89-CF8D969C6707}"
	ProjectSection(ProjectDependencies) = postProject
		{A61BF0B8-4E22-4F80-B0B5-D9FD30F1EFD2} = {A61BF0B8-4E22-4F80-B0B5-D9FD30F1EFD2}
	EndProjectSection
EndProject
Project("{FAE04EC0-301F-11D3-BF4B-00C04F79EFBC}") = "ConsoleApp2", "ConsoleApp2\ConsoleApp2.csproj", "{A61BF0B8-4E22-4F80-B0B5-D9FD30F1EFD2}"
EndProject
Global
	GlobalSection(SolutionConfigurationPlatforms) = preSolution
		Debug|Any CPU = Debug|Any CPU
		Release|Any CPU = Release|Any CPU
	EndGlobalSection
	GlobalSection(ProjectConfigurationPlatforms) = postSolution
		{DEBC007E-410A-4555-AC89-CF8D969C6707}.Debug|Any CPU.ActiveCfg = Debug|Any CPU
		{DEBC007E-410A-4555-AC89-CF8D969C6707}.Debug|Any CPU.Build.0 = Debug|Any CPU
		{DEBC007E-410A-4555-AC89-CF8D969C6707}.Release|Any CPU.ActiveCfg = Release|Any CPU
		{DEBC007E-410A-4555-AC89-CF8D969C6707}.Release|Any CPU.Build.0 = Release|Any CPU
		{A61BF0B8-4E22-4F80-B0B5-D9FD30F1EFD2}.Debug|Any CPU.ActiveCfg = Debug|Any CPU
		{A61BF0B8-4E22-4F80-B0B5-D9FD30F1EFD2}.Debug|Any CPU.Build.0 = Debug|Any CPU
		{A61BF0B8-4E22-4F80-B0B5-D9FD30F1EFD2}.Release|Any CPU.ActiveCfg = Release|Any CPU
		{A61BF0B8-4E22-4F80-B0B5-D9FD30F1EFD2}.Release|Any CPU.Build.0 = Release|Any CPU
	EndGlobalSection
	GlobalSection(SolutionProperties) = preSolution
		HideSolutionNode = FALSE
	EndGlobalSection
	GlobalSection(ExtensibilityGlobals) = postSolution
		SolutionGuid = {93A93691-B442-4320-A241-1DCC9ABCE1F1}
	EndGlobalSection
EndGlobal
